%{"combine": {:hex, :combine, "0.5.2"},
  "cuttlefish": {:git, "git://github.com/basho/cuttlefish.git", "68d54f6b7f0e1e1528fc6ae8555c424d12a31d68", [branch: "develop"]},
  "eleveldb": {:git, "https://github.com/TBK145/eleveldb.git", "ee268a637e0ef4bd613b1f7360bffd332a22b8e2", [branch: "develop"]},
  "exleveldb": {:hex, :exleveldb, "0.6.0"},
  "feeder": {:hex, :feeder, "1.4.7"},
  "feeder_ex": {:git, "https://github.com/manukall/feeder_ex.git", "d9c7fed96c27c6ce33dfdeacd1e9081381ff0645", []},
  "feedme": {:hex, :feedme, "0.0.1"},
  "getopt": {:git, "git://github.com/jcomellas/getopt.git", "388dc95caa7fb97ec7db8cfc39246a36aba61bd8", [tag: "v0.8.2"]},
  "goldrush": {:git, "git://github.com/DeadZen/goldrush.git", "64864ba7fcf40988361340e48680b49a2c2938cf", [tag: "0.1.7"]},
  "hackney": {:hex, :hackney, "1.3.2"},
  "httpoison": {:hex, :httpoison, "0.7.4"},
  "idna": {:hex, :idna, "1.0.2"},
  "lager": {:git, "git://github.com/basho/lager.git", "f65dde85523b6aa6a259db1c93518187ae366515", [tag: "2.2.0"]},
  "nadia": {:hex, :nadia, "0.3.3"},
  "neotoma": {:git, "git://github.com/seancribbs/neotoma.git", "6ac6007c7713712a80096de5c7cdf5b85b01374e", [tag: "1.7.3"]},
  "poison": {:hex, :poison, "1.5.0"},
  "ssl_verify_hostname": {:hex, :ssl_verify_hostname, "1.0.5"},
  "timex": {:hex, :timex, "0.19.5"},
  "tzdata": {:hex, :tzdata, "0.5.4"}}
